github.com/davecgh/go-spew v0.0.0-20161028175848-04cdfd42973b h1:XxMZvQZtTXpWMNWK82vdjCLCe7uGMFXdTsJH0v3Hkvw=
github.com/davecgh/go-spew v0.0.0-20161028175848-04cdfd42973b/go.mod h1:J7Y8YcW2NihsgmVo/mv3lAwl/skON4iLHjSsI+c5H38=
github.com/google/go-cmp v0.4.0 h1:xsAVV57WRhGj6kEIi8ReJzQlHHqcBYCElAvkovg3B/4=
github.com/google/go-cmp v0.4.0/go.mod h1:v8dTdLbMG2kIc/vJvl+f65V22dbkXbowE6jgT/gNBxE=
github.com/pmezard/go-difflib v0.0.0-20151028094244-d8ed2627bdf0 h1:GD+A8+e+wFkqje55/2fOVnZPkoDIu1VooBWfNrnY8Uo=
github.com/pmezard/go-difflib v0.0.0-20151028094244-d8ed2627bdf0/go.mod h1:iKH77koFhYxTK1pcRnkKkqfTogsbg7gZNVY4sRDYZ/4=
github.com/sanity-io/litter v1.2.0 h1:DGJO0bxH/+C2EukzOSBmAlxmkhVMGqzvcx/rvySYw9M=
github.com/sanity-io/litter v1.2.0/go.mod h1:JF6pZUFgu2Q0sBZ+HSV35P8TVPI1TTzEwyu9FXAw2W4=
github.com/stretchr/testify v0.0.0-20161117074351-18a02ba4a312 h1:UsFdQ3ZmlzS0BqZYGxvYaXvFGUbCmPGy8DM7qWJJiIQ=
github.com/stretchr/testify v0.0.0-20161117074351-18a02ba4a312/go.mod h1:a8OnRcib4nhh0OaRAV+Yts87kKdq0PP7pXfy6kDkUVs=
golang.org/x/xerrors v0.0.0-20191204190536-9bdfabe68543/go.mod h1:I/5z698sn9Ka8TeJc9MKroUUfqBBauWjQqLJ2OPfmY0=
